
Microsoft Visual Studio Solution File, Format Version 12.00
# Visual Studio Version 17
VisualStudioVersion = 17.4.33110.190
MinimumVisualStudioVersion = 10.0.40219.1
Project("{9A19103F-16F7-4668-BE54-9A1E7A4F7556}") = "DentalAppointment", "DentalAppointment\DentalAppointment.csproj", "{A6F3B984-04DA-4500-97C8-852A1FA23340}"
EndProject
Project("{9A19103F-16F7-4668-BE54-9A1E7A4F7556}") = "DentalAppointmentTests", "DentalAppointment.Tests\DentalAppointmentTests.csproj", "{B72F026A-E7C6-4DF3-BD24-43E567714027}"
EndProject
Global
	GlobalSection(SolutionConfigurationPlatforms) = preSolution
		Debug|Any CPU = Debug|Any CPU
		Release|Any CPU = Release|Any CPU
	EndGlobalSection
	GlobalSection(ProjectConfigurationPlatforms) = postSolution
		{A6F3B984-04DA-4500-97C8-852A1FA23340}.Debug|Any CPU.ActiveCfg = Debug|Any CPU
		{A6F3B984-04DA-4500-97C8-852A1FA23340}.Debug|Any CPU.Build.0 = Debug|Any CPU
		{A6F3B984-04DA-4500-97C8-852A1FA23340}.Release|Any CPU.ActiveCfg = Release|Any CPU
		{A6F3B984-04DA-4500-97C8-852A1FA23340}.Release|Any CPU.Build.0 = Release|Any CPU
		{B72F026A-E7C6-4DF3-BD24-43E567714027}.Debug|Any CPU.ActiveCfg = Debug|Any CPU
		{B72F026A-E7C6-4DF3-BD24-43E567714027}.Debug|Any CPU.Build.0 = Debug|Any CPU
		{B72F026A-E7C6-4DF3-BD24-43E567714027}.Release|Any CPU.ActiveCfg = Release|Any CPU
		{B72F026A-E7C6-4DF3-BD24-43E567714027}.Release|Any CPU.Build.0 = Release|Any CPU
	EndGlobalSection
	GlobalSection(SolutionProperties) = preSolution
		HideSolutionNode = FALSE
	EndGlobalSection
	GlobalSection(ExtensibilityGlobals) = postSolution
		SolutionGuid = {576C6AB8-DB6F-4658-905C-1E945F60B5D6}
	EndGlobalSection
EndGlobal
